{
    "_readme": [
        "This file locks the dependencies of your project to a known state",
        "Read more about it at https://getcomposer.org/doc/01-basic-usage.md#installing-dependencies",
        "This file is @generated automatically"
    ],
    "content-hash": "38fcaa14892e1c4066fe281abdcab163",
    "packages": [
        {
            "name": "laminas-api-tools/api-tools-configuration",
            "version": "1.1.0",
            "source": {
                "type": "git",
                "url": "https://github.com/laminas-api-tools/api-tools-configuration.git",
                "reference": "c645261aba742e549458d699aaed840b8a5b78d3"
            },
            "dist": {
                "type": "zip",
                "url": "https://api.github.com/repos/laminas-api-tools/api-tools-configuration/zipball/c645261aba742e549458d699aaed840b8a5b78d3",
                "reference": "c645261aba742e549458d699aaed840b8a5b78d3",
                "shasum": ""
            },
            "require": {
                "laminas/laminas-config": "~2.3",
                "laminas/laminas-modulemanager": "~2.3",
                "laminas/laminas-stdlib": "~2.3",
                "laminas/laminas-zendframework-bridge": "^1.0",
                "php": ">=5.5"
            },
            "replace": {
                "zfcampus/zf-configuration": "self.version"
            },
            "require-dev": {
                "laminas/laminas-loader": "~2.3",
                "phpunit/phpunit": "~4.7",
                "squizlabs/php_codesniffer": "^2.3.1"
            },
            "type": "library",
            "extra": {
                "branch-alias": {
                    "dev-master": "1.1-dev",
                    "dev-develop": "1.2-dev"
                }
            },
            "autoload": {
                "psr-4": {
                    "Laminas\\ApiTools\\Configuration\\": "src/"
                },
                "classmap": [
                    "Module.php"
                ]
            },
            "notification-url": "https://packagist.org/downloads/",
            "license": [
                "BSD-3-Clause"
            ],
            "description": "Laminas Module providing REST resource for manipulating configuration",
            "homepage": "https://api-tools.getlaminas.org",
            "keywords": [
                "api-tools",
                "config",
                "laminas",
                "module",
                "rest"
            ],
            "support": {
                "chat": "https://laminas.dev/chat",
                "docs": "https://api-tools.getlaminas.org/documentation",
                "forum": "https://discourse.laminas.dev",
                "issues": "https://github.com/laminas-api-tools/api-tools-configuration/issues",
                "rss": "https://github.com/laminas-api-tools/api-tools-configuration/releases.atom",
                "source": "https://github.com/laminas-api-tools/api-tools-configuration"
            },
            "time": "2019-12-31T15:55:46+00:00"
        },
        {
            "name": "laminas-api-tools/statuslib-example",
            "version": "1.0.0",
            "source": {
                "type": "git",
                "url": "https://github.com/laminas-api-tools/statuslib-example.git",
                "reference": "80b6e4c5a182abd09170ebbd36f17340f643f27e"
            },
            "dist": {
                "type": "zip",
                "url": "https://api.github.com/repos/laminas-api-tools/statuslib-example/zipball/80b6e4c5a182abd09170ebbd36f17340f643f27e",
                "reference": "80b6e4c5a182abd09170ebbd36f17340f643f27e",
                "shasum": ""
            },
            "require": {
                "laminas-api-tools/api-tools-configuration": "~1.0-dev",
                "laminas/laminas-config": "~2.3",
                "laminas/laminas-db": "~2.3",
                "laminas/laminas-paginator": "~2.3",
                "laminas/laminas-stdlib": "~2.3",
                "laminas/laminas-zendframework-bridge": "^1.0",
                "php": ">=5.3.23",
                "ramsey/uuid": "^2.8"
            },
            "replace": {
                "zfcampus/statuslib-example": "self.version"
            },
            "type": "library",
            "extra": {
                "branch-alias": {
                    "dev-master": "1.0-dev"
                }
            },
            "autoload": {
                "psr-0": {
                    "StatusLib\\": "src/"
                },
                "classmap": [
                    "Module.php"
                ]
            },
            "notification-url": "https://packagist.org/downloads/",
            "license": [
                "BSD-3-Clause"
            ],
            "description": "Library for use with Laminas API Tools documentation examples",
            "homepage": "https://api-tools.getlaminas.org",
            "keywords": [
                "api-tools",
                "framework",
                "laminas"
            ],
            "support": {
                "chat": "https://laminas.dev/chat",
                "docs": "https://api-tools.getlaminas.org/documentation",
                "forum": "https://discourse.laminas.dev",
                "issues": "https://github.com/laminas-api-tools/statuslib-example/issues",
                "rss": "https://github.com/laminas-api-tools/statuslib-example/releases.atom",
                "source": "https://github.com/laminas-api-tools/statuslib-example"
            },
            "time": "2019-12-31T16:02:38+00:00"
        },
        {
            "name": "laminas/laminas-config",
            "version": "2.5.1",
            "source": {
                "type": "git",
                "url": "https://github.com/laminas/laminas-config.git",
                "reference": "6aa30b69d0e23f82fc70b2f104ea5f264a2124b9"
            },
            "dist": {
                "type": "zip",
                "url": "https://api.github.com/repos/laminas/laminas-config/zipball/6aa30b69d0e23f82fc70b2f104ea5f264a2124b9",
                "reference": "6aa30b69d0e23f82fc70b2f104ea5f264a2124b9",
                "shasum": ""
            },
            "require": {
                "laminas/laminas-stdlib": "~2.5",
                "laminas/laminas-zendframework-bridge": "^1.0",
                "php": ">=5.3.23"
            },
            "replace": {
                "zendframework/zend-config": "self.version"
            },
            "require-dev": {
                "fabpot/php-cs-fixer": "1.7.*",
                "laminas/laminas-filter": "~2.5",
                "laminas/laminas-i18n": "~2.5",
                "laminas/laminas-json": "~2.5",
                "laminas/laminas-mvc": "~2.5",
                "laminas/laminas-servicemanager": "~2.5",
                "phpunit/phpunit": "~4.0"
            },
            "suggest": {
                "laminas/laminas-filter": "Laminas\\Filter component",
                "laminas/laminas-i18n": "Laminas\\I18n component",
                "laminas/laminas-json": "Laminas\\Json to use the Json reader or writer classes",
                "laminas/laminas-servicemanager": "Laminas\\ServiceManager for use with the Config Factory to retrieve reader and writer instances"
            },
            "type": "library",
            "extra": {
                "branch-alias": {
                    "dev-master": "2.5-dev",
                    "dev-develop": "2.6-dev"
                }
            },
            "autoload": {
                "psr-4": {
                    "Laminas\\Config\\": "src/"
                }
            },
            "notification-url": "https://packagist.org/downloads/",
            "license": [
                "BSD-3-Clause"
            ],
            "description": "provides a nested object property based user interface for accessing this configuration data within application code",
            "homepage": "https://laminas.dev",
            "keywords": [
                "config",
                "laminas"
            ],
            "support": {
                "chat": "https://laminas.dev/chat",
                "docs": "https://docs.laminas.dev/laminas-config/",
                "forum": "https://discourse.laminas.dev",
                "issues": "https://github.com/laminas/laminas-config/issues",
                "rss": "https://github.com/laminas/laminas-config/releases.atom",
                "source": "https://github.com/laminas/laminas-config"
            },
            "abandoned": true,
            "time": "2019-12-31T16:30:03+00:00"
        },
        {
            "name": "laminas/laminas-db",
            "version": "2.6.2",
            "source": {
                "type": "git",
                "url": "https://github.com/laminas/laminas-db.git",
                "reference": "ed12acd7ac63d29e2c32433038667595fb321fa1"
            },
            "dist": {
                "type": "zip",
                "url": "https://api.github.com/repos/laminas/laminas-db/zipball/ed12acd7ac63d29e2c32433038667595fb321fa1",
                "reference": "ed12acd7ac63d29e2c32433038667595fb321fa1",
                "shasum": ""
            },
            "require": {
                "laminas/laminas-stdlib": "~2.7",
                "laminas/laminas-zendframework-bridge": "^1.0",
                "php": ">=5.5"
            },
            "replace": {
                "zendframework/zend-db": "self.version"
            },
            "require-dev": {
                "fabpot/php-cs-fixer": "1.7.*",
                "laminas/laminas-eventmanager": "~2.5",
                "laminas/laminas-hydrator": "~1.0",
                "laminas/laminas-mvc": "~2.5",
                "laminas/laminas-servicemanager": "~2.5",
                "phpunit/phpunit": "~4.0"
            },
            "suggest": {
                "laminas/laminas-eventmanager": "Laminas\\EventManager component",
                "laminas/laminas-hydrator": "Laminas\\Hydrator component for using HydratingResultSets",
                "laminas/laminas-servicemanager": "Laminas\\ServiceManager component"
            },
            "type": "library",
            "extra": {
                "branch-alias": {
                    "dev-master": "2.6-dev",
                    "dev-develop": "2.7-dev"
                }
            },
            "autoload": {
                "psr-4": {
                    "Laminas\\Db\\": "src/"
                }
            },
            "notification-url": "https://packagist.org/downloads/",
            "license": [
                "BSD-3-Clause"
            ],
            "homepage": "https://laminas.dev",
            "keywords": [
                "db",
                "laminas"
            ],
            "support": {
                "chat": "https://laminas.dev/chat",
                "docs": "https://docs.laminas.dev/laminas-db/",
                "forum": "https://discourse.laminas.dev",
                "issues": "https://github.com/laminas/laminas-db/issues",
                "rss": "https://github.com/laminas/laminas-db/releases.atom",
                "source": "https://github.com/laminas/laminas-db"
            },
            "time": "2019-12-31T20:00:00+00:00"
        },
        {
            "name": "laminas/laminas-eventmanager",
            "version": "2.6.2",
            "source": {
                "type": "git",
                "url": "https://github.com/laminas/laminas-eventmanager.git",
                "reference": "fb67a2a49da79550b5df2524f8698e175f0f9514"
            },
            "dist": {
                "type": "zip",
                "url": "https://api.github.com/repos/laminas/laminas-eventmanager/zipball/fb67a2a49da79550b5df2524f8698e175f0f9514",
                "reference": "fb67a2a49da79550b5df2524f8698e175f0f9514",
                "shasum": ""
            },
            "require": {
                "laminas/laminas-stdlib": "~2.5",
                "laminas/laminas-zendframework-bridge": "^1.0",
                "php": ">=5.5"
            },
            "replace": {
                "zendframework/zend-eventmanager": "self.version"
            },
            "require-dev": {
                "athletic/athletic": "dev-master",
                "fabpot/php-cs-fixer": "1.7.*",
                "phpunit/phpunit": "~4.0"
            },
            "type": "library",
            "extra": {
                "branch-alias": {
                    "dev-master": "2.6-dev",
                    "dev-develop": "3.0-dev"
                }
            },
            "autoload": {
                "psr-4": {
                    "Laminas\\EventManager\\": "src/"
                }
            },
            "notification-url": "https://packagist.org/downloads/",
            "license": [
                "BSD-3-Clause"
            ],
            "homepage": "https://laminas.dev",
            "keywords": [
                "eventmanager",
                "laminas"
            ],
            "support": {
                "chat": "https://laminas.dev/chat",
                "docs": "https://docs.laminas.dev/laminas-eventmanager/",
                "forum": "https://discourse.laminas.dev",
                "issues": "https://github.com/laminas/laminas-eventmanager/issues",
                "rss": "https://github.com/laminas/laminas-eventmanager/releases.atom",
                "source": "https://github.com/laminas/laminas-eventmanager"
            },
            "time": "2019-12-31T16:44:41+00:00"
        },
        {
            "name": "laminas/laminas-hydrator",
            "version": "1.0.0",
            "source": {
                "type": "git",
                "url": "https://github.com/laminas/laminas-hydrator.git",
                "reference": "acab29a3327a70be0a653d88906655b15de15517"
            },
            "dist": {
                "type": "zip",
                "url": "https://api.github.com/repos/laminas/laminas-hydrator/zipball/acab29a3327a70be0a653d88906655b15de15517",
                "reference": "acab29a3327a70be0a653d88906655b15de15517",
                "shasum": ""
            },
            "require": {
                "laminas/laminas-stdlib": "^2.5.1",
                "laminas/laminas-zendframework-bridge": "^1.0",
                "php": ">=5.5"
            },
            "replace": {
                "zendframework/zend-hydrator": "self.version"
            },
            "require-dev": {
                "laminas/laminas-eventmanager": "^2.5.1",
                "laminas/laminas-filter": "^2.5.1",
                "laminas/laminas-inputfilter": "^2.5.1",
                "laminas/laminas-serializer": "^2.5.1",
                "laminas/laminas-servicemanager": "^2.5.1",
                "phpunit/phpunit": "~4.0",
                "squizlabs/php_codesniffer": "^2.0@dev"
            },
            "suggest": {
                "laminas/laminas-eventmanager": "^2.5.1, to support aggregate hydrator usage",
                "laminas/laminas-filter": "^2.5.1, to support naming strategy hydrator usage",
                "laminas/laminas-serializer": "^2.5.1, to use the SerializableStrategy",
                "laminas/laminas-servicemanager": "^2.5.1, to support hydrator plugin manager usage"
            },
            "type": "library",
            "extra": {
                "branch-alias": {
                    "dev-master": "1.0-dev",
                    "dev-develop": "1.1-dev"
                }
            },
            "autoload": {
                "psr-4": {
                    "Laminas\\Hydrator\\": "src/"
                }
            },
            "notification-url": "https://packagist.org/downloads/",
            "license": [
                "BSD-3-Clause"
            ],
            "homepage": "https://laminas.dev",
            "keywords": [
                "hydrator",
                "laminas"
            ],
            "support": {
                "chat": "https://laminas.dev/chat",
                "docs": "https://docs.laminas.dev/laminas-hydrator/",
                "forum": "https://discourse.laminas.dev",
                "issues": "https://github.com/laminas/laminas-hydrator/issues",
                "rss": "https://github.com/laminas/laminas-hydrator/releases.atom",
                "source": "https://github.com/laminas/laminas-hydrator"
            },
            "time": "2019-12-31T17:06:20+00:00"
        },
        {
            "name": "laminas/laminas-modulemanager",
            "version": "2.6.1",
            "source": {
                "type": "git",
                "url": "https://github.com/laminas/laminas-modulemanager.git",
                "reference": "122048a7a52e90af3eef9076f94622467fecd226"
            },
            "dist": {
                "type": "zip",
                "url": "https://api.github.com/repos/laminas/laminas-modulemanager/zipball/122048a7a52e90af3eef9076f94622467fecd226",
                "reference": "122048a7a52e90af3eef9076f94622467fecd226",
                "shasum": ""
            },
            "require": {
                "laminas/laminas-eventmanager": "~2.5",
                "laminas/laminas-stdlib": "~2.7",
                "laminas/laminas-zendframework-bridge": "^1.0",
                "php": ">=5.5"
            },
            "replace": {
                "zendframework/zend-modulemanager": "self.version"
            },
            "require-dev": {
                "fabpot/php-cs-fixer": "1.7.*",
                "laminas/laminas-config": "~2.5",
                "laminas/laminas-console": "~2.5",
                "laminas/laminas-di": "~2.5",
                "laminas/laminas-loader": "~2.5",
                "laminas/laminas-mvc": "~2.5",
                "laminas/laminas-servicemanager": "~2.5",
                "phpunit/phpunit": "~4.0"
            },
            "suggest": {
                "laminas/laminas-config": "Laminas\\Config component",
                "laminas/laminas-console": "Laminas\\Console component",
                "laminas/laminas-loader": "Laminas\\Loader component",
                "laminas/laminas-mvc": "Laminas\\Mvc component",
                "laminas/laminas-servicemanager": "Laminas\\ServiceManager component"
            },
            "type": "library",
            "extra": {
                "branch-alias": {
                    "dev-master": "2.6-dev",
                    "dev-develop": "2.7-dev"
                }
            },
            "autoload": {
                "psr-4": {
                    "Laminas\\ModuleManager\\": "src/"
                }
            },
            "notification-url": "https://packagist.org/downloads/",
            "license": [
                "BSD-3-Clause"
            ],
            "homepage": "https://laminas.dev",
            "keywords": [
                "laminas",
                "modulemanager"
            ],
            "support": {
                "chat": "https://laminas.dev/chat",
                "docs": "https://docs.laminas.dev/laminas-modulemanager/",
                "forum": "https://discourse.laminas.dev",
                "issues": "https://github.com/laminas/laminas-modulemanager/issues",
                "rss": "https://github.com/laminas/laminas-modulemanager/releases.atom",
                "source": "https://github.com/laminas/laminas-modulemanager"
            },
            "time": "2019-12-31T17:26:44+00:00"
        },
        {
            "name": "laminas/laminas-paginator",
            "version": "2.5.1",
            "source": {
                "type": "git",
                "url": "https://github.com/laminas/laminas-paginator.git",
                "reference": "2d8e72ccf7950202c3430b617d00b20592ecf1b0"
            },
            "dist": {
                "type": "zip",
                "url": "https://api.github.com/repos/laminas/laminas-paginator/zipball/2d8e72ccf7950202c3430b617d00b20592ecf1b0",
                "reference": "2d8e72ccf7950202c3430b617d00b20592ecf1b0",
                "shasum": ""
            },
            "require": {
                "laminas/laminas-stdlib": "~2.5",
                "laminas/laminas-zendframework-bridge": "^1.0",
                "php": ">=5.3.23"
            },
            "replace": {
                "zendframework/zend-paginator": "self.version"
            },
            "require-dev": {
                "fabpot/php-cs-fixer": "1.7.*",
                "laminas/laminas-cache": "~2.5",
                "laminas/laminas-config": "~2.5",
                "laminas/laminas-db": "~2.5",
                "laminas/laminas-filter": "~2.5",
                "laminas/laminas-json": "~2.5",
                "laminas/laminas-mvc": "~2.5",
                "laminas/laminas-servicemanager": "~2.5",
                "laminas/laminas-view": "~2.5",
                "phpunit/phpunit": "~4.0"
            },
            "suggest": {
                "laminas/laminas-cache": "Laminas\\Cache component to support cache features",
                "laminas/laminas-db": "Laminas\\Db component",
                "laminas/laminas-filter": "Laminas\\Filter component",
                "laminas/laminas-json": "Laminas\\Json component",
                "laminas/laminas-servicemanager": "Laminas\\ServiceManager component",
                "laminas/laminas-view": "Laminas\\View component"
            },
            "type": "library",
            "extra": {
                "branch-alias": {
                    "dev-master": "2.5-dev",
                    "dev-develop": "2.6-dev"
                }
            },
            "autoload": {
                "psr-4": {
                    "Laminas\\Paginator\\": "src/"
                }
            },
            "notification-url": "https://packagist.org/downloads/",
            "license": [
                "BSD-3-Clause"
            ],
            "homepage": "https://laminas.dev",
            "keywords": [
                "laminas",
                "paginator"
            ],
            "support": {
                "chat": "https://laminas.dev/chat",
                "docs": "https://docs.laminas.dev/laminas-paginator/",
                "forum": "https://discourse.laminas.dev",
                "issues": "https://github.com/laminas/laminas-paginator/issues",
                "rss": "https://github.com/laminas/laminas-paginator/releases.atom",
                "source": "https://github.com/laminas/laminas-paginator"
            },
            "time": "2019-12-31T17:36:15+00:00"
        },
        {
            "name": "laminas/laminas-stdlib",
            "version": "2.7.4",
            "source": {
                "type": "git",
                "url": "https://github.com/laminas/laminas-stdlib.git",
                "reference": "b69e2741673daabdf720bc76668448ceb1e4c537"
            },
            "dist": {
                "type": "zip",
                "url": "https://api.github.com/repos/laminas/laminas-stdlib/zipball/b69e2741673daabdf720bc76668448ceb1e4c537",
                "reference": "b69e2741673daabdf720bc76668448ceb1e4c537",
                "shasum": ""
            },
            "require": {
                "laminas/laminas-hydrator": "~1.0",
                "laminas/laminas-zendframework-bridge": "^1.0",
                "php": ">=5.5"
            },
            "replace": {
                "zendframework/zend-stdlib": "self.version"
            },
            "require-dev": {
                "athletic/athletic": "~0.1",
                "fabpot/php-cs-fixer": "1.7.*",
                "laminas/laminas-config": "~2.5",
                "laminas/laminas-eventmanager": "~2.5",
                "laminas/laminas-filter": "~2.5",
                "laminas/laminas-inputfilter": "~2.5",
                "laminas/laminas-serializer": "~2.5",
                "laminas/laminas-servicemanager": "~2.5",
                "phpunit/phpunit": "~4.0"
            },
            "suggest": {
                "laminas/laminas-eventmanager": "To support aggregate hydrator usage",
                "laminas/laminas-filter": "To support naming strategy hydrator usage",
                "laminas/laminas-serializer": "Laminas\\Serializer component",
                "laminas/laminas-servicemanager": "To support hydrator plugin manager usage"
            },
            "type": "library",
            "extra": {
                "branch-alias": {
                    "dev-master": "2.7-dev",
                    "dev-develop": "2.8-dev"
                }
            },
            "autoload": {
                "psr-4": {
                    "Laminas\\Stdlib\\": "src/"
                }
            },
            "notification-url": "https://packagist.org/downloads/",
            "license": [
                "BSD-3-Clause"
            ],
            "homepage": "https://laminas.dev",
            "keywords": [
                "laminas",
                "stdlib"
            ],
            "support": {
                "chat": "https://laminas.dev/chat",
                "docs": "https://docs.laminas.dev/laminas-stdlib/",
                "forum": "https://discourse.laminas.dev",
                "issues": "https://github.com/laminas/laminas-stdlib/issues",
                "rss": "https://github.com/laminas/laminas-stdlib/releases.atom",
                "source": "https://github.com/laminas/laminas-stdlib"
            },
            "time": "2019-12-31T17:51:00+00:00"
        },
        {
            "name": "laminas/laminas-zendframework-bridge",
            "version": "1.8.0",
            "source": {
                "type": "git",
                "url": "https://github.com/laminas/laminas-zendframework-bridge.git",
                "reference": "eb0d96c708b92177a92bc2239543d3ed523452c6"
            },
            "dist": {
                "type": "zip",
                "url": "https://api.github.com/repos/laminas/laminas-zendframework-bridge/zipball/eb0d96c708b92177a92bc2239543d3ed523452c6",
                "reference": "eb0d96c708b92177a92bc2239543d3ed523452c6",
                "shasum": ""
            },
            "require": {
                "php": "~8.1.0 || ~8.2.0 || ~8.3.0"
            },
            "require-dev": {
                "phpunit/phpunit": "^10.4",
                "psalm/plugin-phpunit": "^0.18.0",
                "squizlabs/php_codesniffer": "^3.7.1",
                "vimeo/psalm": "^5.16.0"
            },
            "type": "library",
            "extra": {
                "laminas": {
                    "module": "Laminas\\ZendFrameworkBridge"
                }
            },
            "autoload": {
                "files": [
                    "src/autoload.php"
                ],
                "psr-4": {
                    "Laminas\\ZendFrameworkBridge\\": "src//"
                }
            },
            "notification-url": "https://packagist.org/downloads/",
            "license": [
                "BSD-3-Clause"
            ],
            "description": "Alias legacy ZF class names to Laminas Project equivalents.",
            "keywords": [
                "ZendFramework",
                "autoloading",
                "laminas",
                "zf"
            ],
            "support": {
                "forum": "https://discourse.laminas.dev/",
                "issues": "https://github.com/laminas/laminas-zendframework-bridge/issues",
                "rss": "https://github.com/laminas/laminas-zendframework-bridge/releases.atom",
                "source": "https://github.com/laminas/laminas-zendframework-bridge"
            },
            "funding": [
                {
                    "url": "https://funding.communitybridge.org/projects/laminas-project",
                    "type": "community_bridge"
                }
            ],
            "abandoned": true,
            "time": "2023-11-24T13:56:19+00:00"
        },
        {
            "name": "paragonie/random_compat",
            "version": "v2.0.21",
            "source": {
                "type": "git",
                "url": "https://github.com/paragonie/random_compat.git",
                "reference": "96c132c7f2f7bc3230723b66e89f8f150b29d5ae"
            },
            "dist": {
                "type": "zip",
                "url": "https://api.github.com/repos/paragonie/random_compat/zipball/96c132c7f2f7bc3230723b66e89f8f150b29d5ae",
                "reference": "96c132c7f2f7bc3230723b66e89f8f150b29d5ae",
                "shasum": ""
            },
            "require": {
                "php": ">=5.2.0"
            },
            "require-dev": {
                "phpunit/phpunit": "*"
            },
            "suggest": {
                "ext-libsodium": "Provides a modern crypto API that can be used to generate random bytes."
            },
            "type": "library",
            "autoload": {
                "files": [
                    "lib/random.php"
                ]
            },
            "notification-url": "https://packagist.org/downloads/",
            "license": [
                "MIT"
            ],
            "authors": [
                {
                    "name": "Paragon Initiative Enterprises",
                    "email": "security@paragonie.com",
                    "homepage": "https://paragonie.com"
                }
            ],
            "description": "PHP 5.x polyfill for random_bytes() and random_int() from PHP 7",
            "keywords": [
                "csprng",
                "polyfill",
                "pseudorandom",
                "random"
            ],
            "support": {
                "email": "info@paragonie.com",
                "issues": "https://github.com/paragonie/random_compat/issues",
                "source": "https://github.com/paragonie/random_compat"
            },
            "time": "2022-02-16T17:07:03+00:00"
        },
        {
            "name": "ramsey/uuid",
            "version": "2.9.0",
            "source": {
                "type": "git",
                "url": "https://github.com/ramsey/uuid.git",
                "reference": "b2ef4dd9584268d73f92f752a62bc24cd534dc9a"
            },
            "dist": {
                "type": "zip",
                "url": "https://api.github.com/repos/ramsey/uuid/zipball/b2ef4dd9584268d73f92f752a62bc24cd534dc9a",
                "reference": "b2ef4dd9584268d73f92f752a62bc24cd534dc9a",
                "shasum": ""
            },
            "require": {
                "paragonie/random_compat": "^1.0|^2.0",
                "php": ">=5.3.3"
            },
            "replace": {
                "rhumsaa/uuid": "self.version"
            },
            "require-dev": {
                "doctrine/dbal": ">=2.3",
                "jakub-onderka/php-parallel-lint": "^0.9.0",
                "moontoast/math": "~1.1",
                "phpunit/phpunit": "~4.1|~5.0",
                "satooshi/php-coveralls": "~0.6",
                "squizlabs/php_codesniffer": "^2.3",
                "symfony/console": "~2.3|~3.0"
            },
            "suggest": {
                "doctrine/dbal": "Allow the use of a UUID as doctrine field type.",
                "moontoast/math": "Support for converting UUID to 128-bit integer (in string form).",
                "symfony/console": "Support for use of the bin/uuid command line tool."
            },
            "bin": [
                "bin/uuid"
            ],
            "type": "library",
            "autoload": {
                "psr-4": {
                    "Rhumsaa\\Uuid\\": "src/"
                }
            },
            "notification-url": "https://packagist.org/downloads/",
            "license": [
                "MIT"
            ],
            "authors": [
                {
                    "name": "Ben Ramsey",
                    "homepage": "http://benramsey.com"
                },
                {
                    "name": "Marijn Huizendveld",
                    "email": "marijn.huizendveld@gmail.com"
                }
            ],
            "description": "A PHP 5.3+ library for generating RFC 4122 version 1, 3, 4, and 5 universally unique identifiers (UUID).",
            "homepage": "https://github.com/ramsey/uuid",
            "keywords": [
                "guid",
                "identifier",
                "uuid"
            ],
            "support": {
                "issues": "https://github.com/ramsey/uuid/issues",
                "source": "https://github.com/ramsey/uuid"
            },
            "funding": [
                {
                    "url": "https://github.com/ramsey",
                    "type": "github"
                },
                {
                    "url": "https://tidelift.com/funding/github/packagist/ramsey/uuid",
                    "type": "tidelift"
                }
            ],
            "time": "2016-03-22T18:20:19+00:00"
        }
    ],
    "packages-dev": [],
    "aliases": [],
    "minimum-stability": "stable",
    "stability-flags": {},
    "prefer-stable": false,
    "prefer-lowest": false,
    "platform": {},
    "platform-dev": {},
    "plugin-api-version": "2.6.0"
}
